
Microsoft Visual Studio Solution File, Format Version 12.00
# Visual Studio 15
VisualStudioVersion = 15.0.26730.15
MinimumVisualStudioVersion = 10.0.40219.1
Project("{8BC9CEB8-8B4A-11D0-8D11-00A0C91BC942}") = "[D1~D2 문제풀이] 기초다지기 part4", "[D1~D2 문제풀이] 기초다지기 part4.vcxproj", "{5239C7EB-CF32-4CFF-9F4B-D25BC653DB02}"
EndProject
Global
	GlobalSection(SolutionConfigurationPlatforms) = preSolution
		Debug|x64 = Debug|x64
		Debug|x86 = Debug|x86
		Release|x64 = Release|x64
		Release|x86 = Release|x86
	EndGlobalSection
	GlobalSection(ProjectConfigurationPlatforms) = postSolution
		{5239C7EB-CF32-4CFF-9F4B-D25BC653DB02}.Debug|x64.ActiveCfg = Debug|x64
		{5239C7EB-CF32-4CFF-9F4B-D25BC653DB02}.Debug|x64.Build.0 = Debug|x64
		{5239C7EB-CF32-4CFF-9F4B-D25BC653DB02}.Debug|x86.ActiveCfg = Debug|Win32
		{5239C7EB-CF32-4CFF-9F4B-D25BC653DB02}.Debug|x86.Build.0 = Debug|Win32
		{5239C7EB-CF32-4CFF-9F4B-D25BC653DB02}.Release|x64.ActiveCfg = Release|x64
		{5239C7EB-CF32-4CFF-9F4B-D25BC653DB02}.Release|x64.Build.0 = Release|x64
		{5239C7EB-CF32-4CFF-9F4B-D25BC653DB02}.Release|x86.ActiveCfg = Release|Win32
		{5239C7EB-CF32-4CFF-9F4B-D25BC653DB02}.Release|x86.Build.0 = Release|Win32
	EndGlobalSection
	GlobalSection(SolutionProperties) = preSolution
		HideSolutionNode = FALSE
	EndGlobalSection
	GlobalSection(ExtensibilityGlobals) = postSolution
		SolutionGuid = {5A58259D-C472-4A63-919A-071F5F1DE6AD}
	EndGlobalSection
EndGlobal
